Microsoft Visual Studio Solution File, Format Version 12.00
# Visual Studio Version 17
VisualStudioVersion = 17.5.2.0
MinimumVisualStudioVersion = 10.0.40219.1
Project("{FAE04EC0-301F-11D3-BF4B-00C04F79EFBC}") = "DigitalWars.Server", "DigitalWars.Server.csproj", "{518E034F-C431-5B3E-3D1D-FB44CFAF41AB}"
EndProject
Global
	GlobalSection(SolutionConfigurationPlatforms) = preSolution
		Debug|Any CPU = Debug|Any CPU
		Release|Any CPU = Release|Any CPU
	EndGlobalSection
	GlobalSection(ProjectConfigurationPlatforms) = postSolution
		{518E034F-C431-5B3E-3D1D-FB44CFAF41AB}.Debug|Any CPU.ActiveCfg = Debug|Any CPU
		{518E034F-C431-5B3E-3D1D-FB44CFAF41AB}.Debug|Any CPU.Build.0 = Debug|Any CPU
		{518E034F-C431-5B3E-3D1D-FB44CFAF41AB}.Release|Any CPU.ActiveCfg = Release|Any CPU
		{518E034F-C431-5B3E-3D1D-FB44CFAF41AB}.Release|Any CPU.Build.0 = Release|Any CPU
	EndGlobalSection
	GlobalSection(SolutionProperties) = preSolution
		HideSolutionNode = FALSE
	EndGlobalSection
	GlobalSection(ExtensibilityGlobals) = postSolution
		SolutionGuid = {A7737951-C5F8-4D2B-9544-BD94A9E8D81E}
	EndGlobalSection
EndGlobal
